
Microsoft Visual Studio Solution File, Format Version 12.00
# Visual Studio Version 17
VisualStudioVersion = 17.8.34322.80
MinimumVisualStudioVersion = 10.0.40219.1
Project("{FAE04EC0-301F-11D3-BF4B-00C04F79EFBC}") = "lptracker-api", "lptracker-api\lptracker-api.csproj", "{93626FD1-ED75-4E62-9124-60752072E8A8}"
EndProject
Global
	GlobalSection(SolutionConfigurationPlatforms) = preSolution
		Debug|Any CPU = Debug|Any CPU
		Release|Any CPU = Release|Any CPU
	EndGlobalSection
	GlobalSection(ProjectConfigurationPlatforms) = postSolution
		{93626FD1-ED75-4E62-9124-60752072E8A8}.Debug|Any CPU.ActiveCfg = Debug|Any CPU
		{93626FD1-ED75-4E62-9124-60752072E8A8}.Debug|Any CPU.Build.0 = Debug|Any CPU
		{93626FD1-ED75-4E62-9124-60752072E8A8}.Release|Any CPU.ActiveCfg = Release|Any CPU
		{93626FD1-ED75-4E62-9124-60752072E8A8}.Release|Any CPU.Build.0 = Release|Any CPU
	EndGlobalSection
	GlobalSection(SolutionProperties) = preSolution
		HideSolutionNode = FALSE
	EndGlobalSection
	GlobalSection(ExtensibilityGlobals) = postSolution
		SolutionGuid = {B18062F4-2D46-4B8F-87F6-68398E8626C9}
	EndGlobalSection
EndGlobal
